// !$*UTF8*$!
{
	archiveVersion = 1;
	classes = {
	};
	objectVersion = 77;
	objects = {

/* Begin PBXBuildFile section */
		83E117212F012F3B009B3FD9 /* RevenueCat in Frameworks */ = {isa = PBXBuildFile; productRef = 83E117202F012F3B009B3FD9 /* RevenueCat */; };
		83E1172E2F013425009B3FD9 /* WhisperKit in Frameworks */ = {isa = PBXBuildFile; productRef = 83E1172D2F013425009B3FD9 /* WhisperKit */; };
		83E118BC2F018978009B3FD9 /* FirebaseRemoteConfig in Frameworks */ = {isa = PBXBuildFile; productRef = 83E118BB2F018978009B3FD9 /* FirebaseRemoteConfig */; };
		83ED792E2EFE4D8F00880604 /* SwiftSpeakKeyboard.appex in Embed Foundation Extensions */ = {isa = PBXBuildFile; fileRef = 83ED79272EFE4D8F00880604 /* SwiftSpeakKeyboard.appex */; settings = {ATTRIBUTES = (RemoveHeadersOnCopy, ); }; };
/* End PBXBuildFile section */

/* Begin PBXContainerItemProxy section */
		83ED792C2EFE4D8F00880604 /* PBXContainerItemProxy */ = {
			isa = PBXContainerItemProxy;
			containerPortal = 83ED790D2EFE4CB900880604 /* Project object */;
			proxyType = 1;
			remoteGlobalIDString = 83ED79262EFE4D8F00880604;
			remoteInfo = SwiftSpeakKeyboard;
		};
		83ED7A152EFECCE900880604 /* PBXContainerItemProxy */ = {
			isa = PBXContainerItemProxy;
			containerPortal = 83ED790D2EFE4CB900880604 /* Project object */;
			proxyType = 1;
			remoteGlobalIDString = 83ED79142EFE4CB900880604;
			remoteInfo = SwiftSpeak;
		};
		83ED7A242EFECD0E00880604 /* PBXContainerItemProxy */ = {
			isa = PBXContainerItemProxy;
			containerPortal = 83ED790D2EFE4CB900880604 /* Project object */;
			proxyType = 1;
			remoteGlobalIDString = 83ED79142EFE4CB900880604;
			remoteInfo = SwiftSpeak;
		};
/* End PBXContainerItemProxy section */

/* Begin PBXCopyFilesBuildPhase section */
		83ED79332EFE4D8F00880604 /* Embed Foundation Extensions */ = {
			isa = PBXCopyFilesBuildPhase;
			buildActionMask = 2147483647;
			dstPath = "";
			dstSubfolderSpec = 13;
			files = (
				83ED792E2EFE4D8F00880604 /* SwiftSpeakKeyboard.appex in Embed Foundation Extensions */,
			);
			name = "Embed Foundation Extensions";
			runOnlyForDeploymentPostprocessing = 0;
		};
/* End PBXCopyFilesBuildPhase section */

/* Begin PBXFileReference section */
		83ED79152EFE4CB900880604 /* SwiftSpeak.app */ = {isa = PBXFileReference; explicitFileType = wrapper.application; includeInIndex = 0; path = SwiftSpeak.app; sourceTree = BUILT_PRODUCTS_DIR; };
		83ED79272EFE4D8F00880604 /* SwiftSpeakKeyboard.appex */ = {isa = PBXFileReference; explicitFileType = "wrapper.app-extension"; includeInIndex = 0; path = SwiftSpeakKeyboard.appex; sourceTree = BUILT_PRODUCTS_DIR; };
		83ED7A112EFECCE900880604 /* SwiftSpeakTests.xctest */ = {isa = PBXFileReference; explicitFileType = wrapper.cfbundle; includeInIndex = 0; path = SwiftSpeakTests.xctest; sourceTree = BUILT_PRODUCTS_DIR; };
		83ED7A1E2EFECD0E00880604 /* SwiftSpeakUITests.xctest */ = {isa = PBXFileReference; explicitFileType = wrapper.cfbundle; includeInIndex = 0; path = SwiftSpeakUITests.xctest; sourceTree = BUILT_PRODUCTS_DIR; };
/* End PBXFileReference section */

/* Begin PBXFileSystemSynchronizedBuildFileExceptionSet section */
		83ED792F2EFE4D8F00880604 /* Exceptions for "SwiftSpeakKeyboard" folder in "SwiftSpeakKeyboard" target */ = {
			isa = PBXFileSystemSynchronizedBuildFileExceptionSet;
			membershipExceptions = (
				Info.plist,
			);
			target = 83ED79262EFE4D8F00880604 /* SwiftSpeakKeyboard */;
		};
		83ED797A2EFEBDEB00880604 /* Exceptions for "SwiftSpeak" folder in "SwiftSpeakKeyboard" target */ = {
			isa = PBXFileSystemSynchronizedBuildFileExceptionSet;
			membershipExceptions = (
				Shared/AppLibrary.swift,
				Shared/Constants.swift,
				Shared/Models.swift,
				Shared/ProviderHelpContent.swift,
				Shared/ProviderLanguageSupport.swift,
				Shared/Theme.swift,
			);
			target = 83ED79262EFE4D8F00880604 /* SwiftSpeakKeyboard */;
		};
/* End PBXFileSystemSynchronizedBuildFileExceptionSet section */

/* Begin PBXFileSystemSynchronizedRootGroup section */
		83ED79172EFE4CB900880604 /* SwiftSpeak */ = {
			isa = PBXFileSystemSynchronizedRootGroup;
			exceptions = (
				83ED797A2EFEBDEB00880604 /* Exceptions for "SwiftSpeak" folder in "SwiftSpeakKeyboard" target */,
			);
			path = SwiftSpeak;
			sourceTree = "<group>";
		};
		83ED79282EFE4D8F00880604 /* SwiftSpeakKeyboard */ = {
			isa = PBXFileSystemSynchronizedRootGroup;
			exceptions = (
				83ED792F2EFE4D8F00880604 /* Exceptions for "SwiftSpeakKeyboard" folder in "SwiftSpeakKeyboard" target */,
			);
			path = SwiftSpeakKeyboard;
			sourceTree = "<group>";
		};
		83ED7A122EFECCE900880604 /* SwiftSpeakTests */ = {
			isa = PBXFileSystemSynchronizedRootGroup;
			path = SwiftSpeakTests;
			sourceTree = "<group>";
		};
		83ED7A1F2EFECD0E00880604 /* SwiftSpeakUITests */ = {
			isa = PBXFileSystemSynchronizedRootGroup;
			path = SwiftSpeakUITests;
			sourceTree = "<group>";
		};
/* End PBXFileSystemSynchronizedRootGroup section */

/* Begin PBXFrameworksBuildPhase section */
		83ED79122EFE4CB900880604 /* Frameworks */ = {
			isa = PBXFrameworksBuildPhase;
			buildActionMask = 2147483647;
			files = (
				83E118BC2F018978009B3FD9 /* FirebaseRemoteConfig in Frameworks */,
				83E1172E2F013425009B3FD9 /* WhisperKit in Frameworks */,
				83E117212F012F3B009B3FD9 /* RevenueCat in Frameworks */,
			);
			runOnlyForDeploymentPostprocessing = 0;
		};
		83ED79242EFE4D8F00880604 /* Frameworks */ = {
			isa = PBXFrameworksBuildPhase;
			buildActionMask = 2147483647;
			files = (
			);
			runOnlyForDeploymentPostprocessing = 0;
		};
		83ED7A0E2EFECCE900880604 /* Frameworks */ = {
			isa = PBXFrameworksBuildPhase;
			buildActionMask = 2147483647;
			files = (
			);
			runOnlyForDeploymentPostprocessing = 0;
		};
		83ED7A1B2EFECD0E00880604 /* Frameworks */ = {
			isa = PBXFrameworksBuildPhase;
			buildActionMask = 2147483647;
			files = (
			);
			runOnlyForDeploymentPostprocessing = 0;
		};
/* End PBXFrameworksBuildPhase section */

/* Begin PBXGroup section */
		83ED790C2EFE4CB900880604 = {
			isa = PBXGroup;
			children = (
				83ED79172EFE4CB900880604 /* SwiftSpeak */,
				83ED79282EFE4D8F00880604 /* SwiftSpeakKeyboard */,
				83ED7A122EFECCE900880604 /* SwiftSpeakTests */,
				83ED7A1F2EFECD0E00880604 /* SwiftSpeakUITests */,
				83ED79162EFE4CB900880604 /* Products */,
			);
			sourceTree = "<group>";
		};
		83ED79162EFE4CB900880604 /* Products */ = {
			isa = PBXGroup;
			children = (
				83ED79152EFE4CB900880604 /* SwiftSpeak.app */,
				83ED79272EFE4D8F00880604 /* SwiftSpeakKeyboard.appex */,
				83ED7A112EFECCE900880604 /* SwiftSpeakTests.xctest */,
				83ED7A1E2EFECD0E00880604 /* SwiftSpeakUITests.xctest */,
			);
			name = Products;
			sourceTree = "<group>";
		};
/* End PBXGroup section */

/* Begin PBXNativeTarget section */
		83ED79142EFE4CB900880604 /* SwiftSpeak */ = {
			isa = PBXNativeTarget;
			buildConfigurationList = 83ED79202EFE4CBD00880604 /* Build configuration list for PBXNativeTarget "SwiftSpeak" */;
			buildPhases = (
				83ED79112EFE4CB900880604 /* Sources */,
				83ED79122EFE4CB900880604 /* Frameworks */,
				83ED79132EFE4CB900880604 /* Resources */,
				83ED79332EFE4D8F00880604 /* Embed Foundation Extensions */,
			);
			buildRules = (
			);
			dependencies = (
				83ED792D2EFE4D8F00880604 /* PBXTargetDependency */,
			);
			fileSystemSynchronizedGroups = (
				83ED79172EFE4CB900880604 /* SwiftSpeak */,
			);
			name = SwiftSpeak;
			packageProductDependencies = (
				83E117202F012F3B009B3FD9 /* RevenueCat */,
				83E1172D2F013425009B3FD9 /* WhisperKit */,
				83E118BB2F018978009B3FD9 /* FirebaseRemoteConfig */,
			);
			productName = SwiftSpeak;
			productReference = 83ED79152EFE4CB900880604 /* SwiftSpeak.app */;
			productType = "com.apple.product-type.application";
		};
		83ED79262EFE4D8F00880604 /* SwiftSpeakKeyboard */ = {
			isa = PBXNativeTarget;
			buildConfigurationList = 83ED79302EFE4D8F00880604 /* Build configuration list for PBXNativeTarget "SwiftSpeakKeyboard" */;
			buildPhases = (
				83ED79232EFE4D8F00880604 /* Sources */,
				83ED79242EFE4D8F00880604 /* Frameworks */,
				83ED79252EFE4D8F00880604 /* Resources */,
			);
			buildRules = (
			);
			dependencies = (
			);
			fileSystemSynchronizedGroups = (
				83ED79282EFE4D8F00880604 /* SwiftSpeakKeyboard */,
			);
			name = SwiftSpeakKeyboard;
			packageProductDependencies = (
			);
			productName = SwiftSpeakKeyboard;
			productReference = 83ED79272EFE4D8F00880604 /* SwiftSpeakKeyboard.appex */;
			productType = "com.apple.product-type.app-extension";
		};
		83ED7A102EFECCE900880604 /* SwiftSpeakTests */ = {
			isa = PBXNativeTarget;
			buildConfigurationList = 83ED7A192EFECCE900880604 /* Build configuration list for PBXNativeTarget "SwiftSpeakTests" */;
			buildPhases = (
				83ED7A0D2EFECCE900880604 /* Sources */,
				83ED7A0E2EFECCE900880604 /* Frameworks */,
				83ED7A0F2EFECCE900880604 /* Resources */,
			);
			buildRules = (
			);
			dependencies = (
				83ED7A162EFECCE900880604 /* PBXTargetDependency */,
			);
			fileSystemSynchronizedGroups = (
				83ED7A122EFECCE900880604 /* SwiftSpeakTests */,
			);
			name = SwiftSpeakTests;
			packageProductDependencies = (
			);
			productName = SwiftSpeakTests;
			productReference = 83ED7A112EFECCE900880604 /* SwiftSpeakTests.xctest */;
			productType = "com.apple.product-type.bundle.unit-test";
		};
		83ED7A1D2EFECD0E00880604 /* SwiftSpeakUITests */ = {
			isa = PBXNativeTarget;
			buildConfigurationList = 83ED7A262EFECD0E00880604 /* Build configuration list for PBXNativeTarget "SwiftSpeakUITests" */;
			buildPhases = (
				83ED7A1A2EFECD0E00880604 /* Sources */,
				83ED7A1B2EFECD0E00880604 /* Frameworks */,
				83ED7A1C2EFECD0E00880604 /* Resources */,
			);
			buildRules = (
			);
			dependencies = (
				83ED7A252EFECD0E00880604 /* PBXTargetDependency */,
			);
			fileSystemSynchronizedGroups = (
				83ED7A1F2EFECD0E00880604 /* SwiftSpeakUITests */,
			);
			name = SwiftSpeakUITests;
			packageProductDependencies = (
			);
			productName = SwiftSpeakUITests;
			productReference = 83ED7A1E2EFECD0E00880604 /* SwiftSpeakUITests.xctest */;
			productType = "com.apple.product-type.bundle.ui-testing";
		};
/* End PBXNativeTarget section */

/* Begin PBXProject section */
		83ED790D2EFE4CB900880604 /* Project object */ = {
			isa = PBXProject;
			attributes = {
				BuildIndependentTargetsInParallel = 1;
				LastSwiftUpdateCheck = 2620;
				LastUpgradeCheck = 2620;
				TargetAttributes = {
					83ED79142EFE4CB900880604 = {
						CreatedOnToolsVersion = 26.2;
					};
					83ED79262EFE4D8F00880604 = {
						CreatedOnToolsVersion = 26.2;
					};
					83ED7A102EFECCE900880604 = {
						CreatedOnToolsVersion = 26.2;
						TestTargetID = 83ED79142EFE4CB900880604;
					};
					83ED7A1D2EFECD0E00880604 = {
						CreatedOnToolsVersion = 26.2;
						TestTargetID = 83ED79142EFE4CB900880604;
					};
				};
			};
			buildConfigurationList = 83ED79102EFE4CB900880604 /* Build configuration list for PBXProject "SwiftSpeak" */;
			developmentRegion = en;
			hasScannedForEncodings = 0;
			knownRegions = (
				en,
				Base,
			);
			mainGroup = 83ED790C2EFE4CB900880604;
			minimizedProjectReferenceProxies = 1;
			packageReferences = (
				83E1171F2F012F3B009B3FD9 /* XCLocalSwiftPackageReference "../RevenueCat" */,
				83E1172C2F013425009B3FD9 /* XCLocalSwiftPackageReference "../WhisperKit-Package" */,
				83E118BA2F018978009B3FD9 /* XCRemoteSwiftPackageReference "firebase-ios-sdk" */,
			);
			preferredProjectObjectVersion = 77;
			productRefGroup = 83ED79162EFE4CB900880604 /* Products */;
			projectDirPath = "";
			projectRoot = "";
			targets = (
				83ED79142EFE4CB900880604 /* SwiftSpeak */,
				83ED79262EFE4D8F00880604 /* SwiftSpeakKeyboard */,
				83ED7A102EFECCE900880604 /* SwiftSpeakTests */,
				83ED7A1D2EFECD0E00880604 /* SwiftSpeakUITests */,
			);
		};
/* End PBXProject section */

/* Begin PBXResourcesBuildPhase section */
		83ED79132EFE4CB900880604 /* Resources */ = {
			isa = PBXResourcesBuildPhase;
			buildActionMask = 2147483647;
			files = (
			);
			runOnlyForDeploymentPostprocessing = 0;
		};
		83ED79252EFE4D8F00880604 /* Resources */ = {
			isa = PBXResourcesBuildPhase;
			buildActionMask = 2147483647;
			files = (
			);
			runOnlyForDeploymentPostprocessing = 0;
		};
		83ED7A0F2EFECCE900880604 /* Resources */ = {
			isa = PBXResourcesBuildPhase;
			buildActionMask = 2147483647;
			files = (
			);
			runOnlyForDeploymentPostprocessing = 0;
		};
		83ED7A1C2EFECD0E00880604 /* Resources */ = {
			isa = PBXResourcesBuildPhase;
			buildActionMask = 2147483647;
			files = (
			);
			runOnlyForDeploymentPostprocessing = 0;
		};
/* End PBXResourcesBuildPhase section */

/* Begin PBXSourcesBuildPhase section */
		83ED79112EFE4CB900880604 /* Sources */ = {
			isa = PBXSourcesBuildPhase;
			buildActionMask = 2147483647;
			files = (
			);
			runOnlyForDeploymentPostprocessing = 0;
		};
		83ED79232EFE4D8F00880604 /* Sources */ = {
			isa = PBXSourcesBuildPhase;
			buildActionMask = 2147483647;
			files = (
			);
			runOnlyForDeploymentPostprocessing = 0;
		};
		83ED7A0D2EFECCE900880604 /* Sources */ = {
			isa = PBXSourcesBuildPhase;
			buildActionMask = 2147483647;
			files = (
			);
			runOnlyForDeploymentPostprocessing = 0;
		};
		83ED7A1A2EFECD0E00880604 /* Sources */ = {
			isa = PBXSourcesBuildPhase;
			buildActionMask = 2147483647;
			files = (
			);
			runOnlyForDeploymentPostprocessing = 0;
		};
/* End PBXSourcesBuildPhase section */

/* Begin PBXTargetDependency section */
		83ED792D2EFE4D8F00880604 /* PBXTargetDependency */ = {
			isa = PBXTargetDependency;
			target = 83ED79262EFE4D8F00880604 /* SwiftSpeakKeyboard */;
			targetProxy = 83ED792C2EFE4D8F00880604 /* PBXContainerItemProxy */;
		};
		83ED7A162EFECCE900880604 /* PBXTargetDependency */ = {
			isa = PBXTargetDependency;
			target = 83ED79142EFE4CB900880604 /* SwiftSpeak */;
			targetProxy = 83ED7A152EFECCE900880604 /* PBXContainerItemProxy */;
		};
		83ED7A252EFECD0E00880604 /* PBXTargetDependency */ = {
			isa = PBXTargetDependency;
			target = 83ED79142EFE4CB900880604 /* SwiftSpeak */;
			targetProxy = 83ED7A242EFECD0E00880604 /* PBXContainerItemProxy */;
		};
/* End PBXTargetDependency section */

/* Begin XCBuildConfiguration section */
		83ED791E2EFE4CBD00880604 /* Debug */ = {
			isa = XCBuildConfiguration;
			buildSettings = {
				ALWAYS_SEARCH_USER_PATHS = NO;
				ASSETCATALOG_COMPILER_GENERATE_SWIFT_ASSET_SYMBOL_EXTENSIONS = YES;
				CLANG_ANALYZER_NONNULL = YES;
				CLANG_ANALYZER_NUMBER_OBJECT_CONVERSION = YES_AGGRESSIVE;
				CLANG_CXX_LANGUAGE_STANDARD = "gnu++20";
				CLANG_ENABLE_MODULES = YES;
				CLANG_ENABLE_OBJC_ARC = YES;
				CLANG_ENABLE_OBJC_WEAK = YES;
				CLANG_WARN_BLOCK_CAPTURE_AUTORELEASING = YES;
				CLANG_WARN_BOOL_CONVERSION = YES;
				CLANG_WARN_COMMA = YES;
				CLANG_WARN_CONSTANT_CONVERSION = YES;
				CLANG_WARN_DEPRECATED_OBJC_IMPLEMENTATIONS = YES;
				CLANG_WARN_DIRECT_OBJC_ISA_USAGE = YES_ERROR;
				CLANG_WARN_DOCUMENTATION_COMMENTS = YES;
				CLANG_WARN_EMPTY_BODY = YES;
				CLANG_WARN_ENUM_CONVERSION = YES;
				CLANG_WARN_INFINITE_RECURSION = YES;
				CLANG_WARN_INT_CONVERSION = YES;
				CLANG_WARN_NON_LITERAL_NULL_CONVERSION = YES;
				CLANG_WARN_OBJC_IMPLICIT_RETAIN_SELF = YES;
				CLANG_WARN_OBJC_LITERAL_CONVERSION = YES;
				CLANG_WARN_OBJC_ROOT_CLASS = YES_ERROR;
				CLANG_WARN_QUOTED_INCLUDE_IN_FRAMEWORK_HEADER = YES;
				CLANG_WARN_RANGE_LOOP_ANALYSIS = YES;
				CLANG_WARN_STRICT_PROTOTYPES = YES;
				CLANG_WARN_SUSPICIOUS_MOVE = YES;
				CLANG_WARN_UNGUARDED_AVAILABILITY = YES_AGGRESSIVE;
				CLANG_WARN_UNREACHABLE_CODE = YES;
				CLANG_WARN__DUPLICATE_METHOD_MATCH = YES;
				COPY_PHASE_STRIP = NO;
				DEBUG_INFORMATION_FORMAT = dwarf;
				DEVELOPMENT_TEAM = BSDVBGN72H;
				ENABLE_STRICT_OBJC_MSGSEND = YES;
				ENABLE_TESTABILITY = YES;
				ENABLE_USER_SCRIPT_SANDBOXING = YES;
				GCC_C_LANGUAGE_STANDARD = gnu17;
				GCC_DYNAMIC_NO_PIC = NO;
				GCC_NO_COMMON_BLOCKS = YES;
				GCC_OPTIMIZATION_LEVEL = 0;
				GCC_PREPROCESSOR_DEFINITIONS = (
					"DEBUG=1",
					"$(inherited)",
				);
				GCC_WARN_64_TO_32_BIT_CONVERSION = YES;
				GCC_WARN_ABOUT_RETURN_TYPE = YES_ERROR;
				GCC_WARN_UNDECLARED_SELECTOR = YES;
				GCC_WARN_UNINITIALIZED_AUTOS = YES_AGGRESSIVE;
				GCC_WARN_UNUSED_FUNCTION = YES;
				GCC_WARN_UNUSED_VARIABLE = YES;
				IPHONEOS_DEPLOYMENT_TARGET = 26.2;
				LOCALIZATION_PREFERS_STRING_CATALOGS = YES;
				MTL_ENABLE_DEBUG_INFO = INCLUDE_SOURCE;
				MTL_FAST_MATH = YES;
				ONLY_ACTIVE_ARCH = YES;
				SDKROOT = iphoneos;
				SWIFT_ACTIVE_COMPILATION_CONDITIONS = "DEBUG $(inherited)";
				SWIFT_OPTIMIZATION_LEVEL = "-Onone";
			};
			name = Debug;
		};
		83ED791F2EFE4CBD00880604 /* Release */ = {
			isa = XCBuildConfiguration;
			buildSettings = {
				ALWAYS_SEARCH_USER_PATHS = NO;
				ASSETCATALOG_COMPILER_GENERATE_SWIFT_ASSET_SYMBOL_EXTENSIONS = YES;
				CLANG_ANALYZER_NONNULL = YES;
				CLANG_ANALYZER_NUMBER_OBJECT_CONVERSION = YES_AGGRESSIVE;
				CLANG_CXX_LANGUAGE_STANDARD = "gnu++20";
				CLANG_ENABLE_MODULES = YES;
				CLANG_ENABLE_OBJC_ARC = YES;
				CLANG_ENABLE_OBJC_WEAK = YES;
				CLANG_WARN_BLOCK_CAPTURE_AUTORELEASING = YES;
				CLANG_WARN_BOOL_CONVERSION = YES;
				CLANG_WARN_COMMA = YES;
				CLANG_WARN_CONSTANT_CONVERSION = YES;
				CLANG_WARN_DEPRECATED_OBJC_IMPLEMENTATIONS = YES;
				CLANG_WARN_DIRECT_OBJC_ISA_USAGE = YES_ERROR;
				CLANG_WARN_DOCUMENTATION_COMMENTS = YES;
				CLANG_WARN_EMPTY_BODY = YES;
				CLANG_WARN_ENUM_CONVERSION = YES;
				CLANG_WARN_INFINITE_RECURSION = YES;
				CLANG_WARN_INT_CONVERSION = YES;
				CLANG_WARN_NON_LITERAL_NULL_CONVERSION = YES;
				CLANG_WARN_OBJC_IMPLICIT_RETAIN_SELF = YES;
				CLANG_WARN_OBJC_LITERAL_CONVERSION = YES;
				CLANG_WARN_OBJC_ROOT_CLASS = YES_ERROR;
				CLANG_WARN_QUOTED_INCLUDE_IN_FRAMEWORK_HEADER = YES;
				CLANG_WARN_RANGE_LOOP_ANALYSIS = YES;
				CLANG_WARN_STRICT_PROTOTYPES = YES;
				CLANG_WARN_SUSPICIOUS_MOVE = YES;
				CLANG_WARN_UNGUARDED_AVAILABILITY = YES_AGGRESSIVE;
				CLANG_WARN_UNREACHABLE_CODE = YES;
				CLANG_WARN__DUPLICATE_METHOD_MATCH = YES;
				COPY_PHASE_STRIP = NO;
				DEBUG_INFORMATION_FORMAT = "dwarf-with-dsym";
				DEVELOPMENT_TEAM = BSDVBGN72H;
				ENABLE_NS_ASSERTIONS = NO;
				ENABLE_STRICT_OBJC_MSGSEND = YES;
				ENABLE_USER_SCRIPT_SANDBOXING = YES;
				GCC_C_LANGUAGE_STANDARD = gnu17;
				GCC_NO_COMMON_BLOCKS = YES;
				GCC_WARN_64_TO_32_BIT_CONVERSION = YES;
				GCC_WARN_ABOUT_RETURN_TYPE = YES_ERROR;
				GCC_WARN_UNDECLARED_SELECTOR = YES;
				GCC_WARN_UNINITIALIZED_AUTOS = YES_AGGRESSIVE;
				GCC_WARN_UNUSED_FUNCTION = YES;
				GCC_WARN_UNUSED_VARIABLE = YES;
				IPHONEOS_DEPLOYMENT_TARGET = 26.2;
				LOCALIZATION_PREFERS_STRING_CATALOGS = YES;
				MTL_ENABLE_DEBUG_INFO = NO;
				MTL_FAST_MATH = YES;
				SDKROOT = iphoneos;
				SWIFT_COMPILATION_MODE = wholemodule;
				VALIDATE_PRODUCT = YES;
			};
			name = Release;
		};
		83ED79212EFE4CBD00880604 /* Debug */ = {
			isa = XCBuildConfiguration;
			buildSettings = {
				ASSETCATALOG_COMPILER_APPICON_NAME = AppIcon;
				ASSETCATALOG_COMPILER_GLOBAL_ACCENT_COLOR_NAME = AccentColor;
				CODE_SIGN_ENTITLEMENTS = SwiftSpeak/SwiftSpeak.entitlements;
				CODE_SIGN_STYLE = Automatic;
				CURRENT_PROJECT_VERSION = 1;
				DEVELOPMENT_TEAM = BSDVBGN72H;
				ENABLE_PREVIEWS = YES;
				GENERATE_INFOPLIST_FILE = YES;
				INFOPLIST_KEY_UIApplicationSceneManifest_Generation = YES;
				INFOPLIST_KEY_UIApplicationSupportsIndirectInputEvents = YES;
				INFOPLIST_KEY_UILaunchScreen_Generation = YES;
				INFOPLIST_KEY_UISupportedInterfaceOrientations_iPad = "UIInterfaceOrientationPortrait UIInterfaceOrientationPortraitUpsideDown UIInterfaceOrientationLandscapeLeft UIInterfaceOrientationLandscapeRight";
				INFOPLIST_KEY_UISupportedInterfaceOrientations_iPhone = "UIInterfaceOrientationPortrait UIInterfaceOrientationLandscapeLeft UIInterfaceOrientationLandscapeRight";
				LD_RUNPATH_SEARCH_PATHS = (
					"$(inherited)",
					"@executable_path/Frameworks",
				);
				MARKETING_VERSION = 1.0;
				PRODUCT_BUNDLE_IDENTIFIER = pawelgawliczek.SwiftSpeak;
				PRODUCT_NAME = "$(TARGET_NAME)";
				STRING_CATALOG_GENERATE_SYMBOLS = YES;
				SWIFT_APPROACHABLE_CONCURRENCY = YES;
				SWIFT_DEFAULT_ACTOR_ISOLATION = MainActor;
				SWIFT_EMIT_LOC_STRINGS = YES;
				SWIFT_UPCOMING_FEATURE_MEMBER_IMPORT_VISIBILITY = YES;
				SWIFT_VERSION = 5.0;
				TARGETED_DEVICE_FAMILY = "1,2";
			};
			name = Debug;
		};
		83ED79222EFE4CBD00880604 /* Release */ = {
			isa = XCBuildConfiguration;
			buildSettings = {
				ASSETCATALOG_COMPILER_APPICON_NAME = AppIcon;
				ASSETCATALOG_COMPILER_GLOBAL_ACCENT_COLOR_NAME = AccentColor;
				CODE_SIGN_ENTITLEMENTS = SwiftSpeak/SwiftSpeak.entitlements;
				CODE_SIGN_STYLE = Automatic;
				CURRENT_PROJECT_VERSION = 1;
				DEVELOPMENT_TEAM = BSDVBGN72H;
				ENABLE_PREVIEWS = YES;
				GENERATE_INFOPLIST_FILE = YES;
				INFOPLIST_KEY_UIApplicationSceneManifest_Generation = YES;
				INFOPLIST_KEY_UIApplicationSupportsIndirectInputEvents = YES;
				INFOPLIST_KEY_UILaunchScreen_Generation = YES;
				INFOPLIST_KEY_UISupportedInterfaceOrientations_iPad = "UIInterfaceOrientationPortrait UIInterfaceOrientationPortraitUpsideDown UIInterfaceOrientationLandscapeLeft UIInterfaceOrientationLandscapeRight";
				INFOPLIST_KEY_UISupportedInterfaceOrientations_iPhone = "UIInterfaceOrientationPortrait UIInterfaceOrientationLandscapeLeft UIInterfaceOrientationLandscapeRight";
				LD_RUNPATH_SEARCH_PATHS = (
					"$(inherited)",
					"@executable_path/Frameworks",
				);
				MARKETING_VERSION = 1.0;
				PRODUCT_BUNDLE_IDENTIFIER = pawelgawliczek.SwiftSpeak;
				PRODUCT_NAME = "$(TARGET_NAME)";
				STRING_CATALOG_GENERATE_SYMBOLS = YES;
				SWIFT_APPROACHABLE_CONCURRENCY = YES;
				SWIFT_DEFAULT_ACTOR_ISOLATION = MainActor;
				SWIFT_EMIT_LOC_STRINGS = YES;
				SWIFT_UPCOMING_FEATURE_MEMBER_IMPORT_VISIBILITY = YES;
				SWIFT_VERSION = 5.0;
				TARGETED_DEVICE_FAMILY = "1,2";
			};
			name = Release;
		};
		83ED79312EFE4D8F00880604 /* Debug */ = {
			isa = XCBuildConfiguration;
			buildSettings = {
				CODE_SIGN_ENTITLEMENTS = SwiftSpeakKeyboard/SwiftSpeakKeyboard.entitlements;
				CODE_SIGN_STYLE = Automatic;
				CURRENT_PROJECT_VERSION = 1;
				DEVELOPMENT_TEAM = BSDVBGN72H;
				GENERATE_INFOPLIST_FILE = YES;
				INFOPLIST_FILE = SwiftSpeakKeyboard/Info.plist;
				INFOPLIST_KEY_CFBundleDisplayName = SwiftSpeakKeyboard;
				INFOPLIST_KEY_NSHumanReadableCopyright = "";
				LD_RUNPATH_SEARCH_PATHS = (
					"$(inherited)",
					"@executable_path/Frameworks",
					"@executable_path/../../Frameworks",
				);
				MARKETING_VERSION = 1.0;
				PRODUCT_BUNDLE_IDENTIFIER = pawelgawliczek.SwiftSpeak.SwiftSpeakKeyboard;
				PRODUCT_NAME = "$(TARGET_NAME)";
				SKIP_INSTALL = YES;
				STRING_CATALOG_GENERATE_SYMBOLS = YES;
				SWIFT_ACTIVE_COMPILATION_CONDITIONS = KEYBOARD_EXTENSION;
				SWIFT_APPROACHABLE_CONCURRENCY = YES;
				SWIFT_EMIT_LOC_STRINGS = YES;
				SWIFT_UPCOMING_FEATURE_MEMBER_IMPORT_VISIBILITY = YES;
				SWIFT_VERSION = 5.0;
				TARGETED_DEVICE_FAMILY = "1,2";
			};
			name = Debug;
		};
		83ED79322EFE4D8F00880604 /* Release */ = {
			isa = XCBuildConfiguration;
			buildSettings = {
				CODE_SIGN_ENTITLEMENTS = SwiftSpeakKeyboard/SwiftSpeakKeyboard.entitlements;
				CODE_SIGN_STYLE = Automatic;
				CURRENT_PROJECT_VERSION = 1;
				DEVELOPMENT_TEAM = BSDVBGN72H;
				GENERATE_INFOPLIST_FILE = YES;
				INFOPLIST_FILE = SwiftSpeakKeyboard/Info.plist;
				INFOPLIST_KEY_CFBundleDisplayName = SwiftSpeakKeyboard;
				INFOPLIST_KEY_NSHumanReadableCopyright = "";
				LD_RUNPATH_SEARCH_PATHS = (
					"$(inherited)",
					"@executable_path/Frameworks",
					"@executable_path/../../Frameworks",
				);
				MARKETING_VERSION = 1.0;
				PRODUCT_BUNDLE_IDENTIFIER = pawelgawliczek.SwiftSpeak.SwiftSpeakKeyboard;
				PRODUCT_NAME = "$(TARGET_NAME)";
				SKIP_INSTALL = YES;
				STRING_CATALOG_GENERATE_SYMBOLS = YES;
				SWIFT_ACTIVE_COMPILATION_CONDITIONS = KEYBOARD_EXTENSION;
				SWIFT_APPROACHABLE_CONCURRENCY = YES;
				SWIFT_EMIT_LOC_STRINGS = YES;
				SWIFT_UPCOMING_FEATURE_MEMBER_IMPORT_VISIBILITY = YES;
				SWIFT_VERSION = 5.0;
				TARGETED_DEVICE_FAMILY = "1,2";
			};
			name = Release;
		};
		83ED7A172EFECCE900880604 /* Debug */ = {
			isa = XCBuildConfiguration;
			buildSettings = {
				BUNDLE_LOADER = "$(TEST_HOST)";
				CODE_SIGN_STYLE = Automatic;
				CURRENT_PROJECT_VERSION = 1;
				DEVELOPMENT_TEAM = BSDVBGN72H;
				GENERATE_INFOPLIST_FILE = YES;
				MARKETING_VERSION = 1.0;
				PRODUCT_BUNDLE_IDENTIFIER = pawelgawliczek.SwiftSpeak.SwiftSpeakTests;
				PRODUCT_NAME = "$(TARGET_NAME)";
				STRING_CATALOG_GENERATE_SYMBOLS = NO;
				SWIFT_APPROACHABLE_CONCURRENCY = YES;
				SWIFT_EMIT_LOC_STRINGS = NO;
				SWIFT_UPCOMING_FEATURE_MEMBER_IMPORT_VISIBILITY = YES;
				SWIFT_VERSION = 5.0;
				TARGETED_DEVICE_FAMILY = "1,2";
				TEST_HOST = "$(BUILT_PRODUCTS_DIR)/SwiftSpeak.app/$(BUNDLE_EXECUTABLE_FOLDER_PATH)/SwiftSpeak";
			};
			name = Debug;
		};
		83ED7A182EFECCE900880604 /* Release */ = {
			isa = XCBuildConfiguration;
			buildSettings = {
				BUNDLE_LOADER = "$(TEST_HOST)";
				CODE_SIGN_STYLE = Automatic;
				CURRENT_PROJECT_VERSION = 1;
				DEVELOPMENT_TEAM = BSDVBGN72H;
				GENERATE_INFOPLIST_FILE = YES;
				MARKETING_VERSION = 1.0;
				PRODUCT_BUNDLE_IDENTIFIER = pawelgawliczek.SwiftSpeak.SwiftSpeakTests;
				PRODUCT_NAME = "$(TARGET_NAME)";
				STRING_CATALOG_GENERATE_SYMBOLS = NO;
				SWIFT_APPROACHABLE_CONCURRENCY = YES;
				SWIFT_EMIT_LOC_STRINGS = NO;
				SWIFT_UPCOMING_FEATURE_MEMBER_IMPORT_VISIBILITY = YES;
				SWIFT_VERSION = 5.0;
				TARGETED_DEVICE_FAMILY = "1,2";
				TEST_HOST = "$(BUILT_PRODUCTS_DIR)/SwiftSpeak.app/$(BUNDLE_EXECUTABLE_FOLDER_PATH)/SwiftSpeak";
			};
			name = Release;
		};
		83ED7A272EFECD0E00880604 /* Debug */ = {
			isa = XCBuildConfiguration;
			buildSettings = {
				CODE_SIGN_STYLE = Automatic;
				CURRENT_PROJECT_VERSION = 1;
				DEVELOPMENT_TEAM = BSDVBGN72H;
				GENERATE_INFOPLIST_FILE = YES;
				MARKETING_VERSION = 1.0;
				PRODUCT_BUNDLE_IDENTIFIER = pawelgawliczek.SwiftSpeak.SwiftSpeakUITests;
				PRODUCT_NAME = "$(TARGET_NAME)";
				STRING_CATALOG_GENERATE_SYMBOLS = NO;
				SWIFT_APPROACHABLE_CONCURRENCY = YES;
				SWIFT_EMIT_LOC_STRINGS = NO;
				SWIFT_UPCOMING_FEATURE_MEMBER_IMPORT_VISIBILITY = YES;
				SWIFT_VERSION = 5.0;
				TARGETED_DEVICE_FAMILY = "1,2";
				TEST_TARGET_NAME = SwiftSpeak;
			};
			name = Debug;
		};
		83ED7A282EFECD0E00880604 /* Release */ = {
			isa = XCBuildConfiguration;
			buildSettings = {
				CODE_SIGN_STYLE = Automatic;
				CURRENT_PROJECT_VERSION = 1;
				DEVELOPMENT_TEAM = BSDVBGN72H;
				GENERATE_INFOPLIST_FILE = YES;
				MARKETING_VERSION = 1.0;
				PRODUCT_BUNDLE_IDENTIFIER = pawelgawliczek.SwiftSpeak.SwiftSpeakUITests;
				PRODUCT_NAME = "$(TARGET_NAME)";
				STRING_CATALOG_GENERATE_SYMBOLS = NO;
				SWIFT_APPROACHABLE_CONCURRENCY = YES;
				SWIFT_EMIT_LOC_STRINGS = NO;
				SWIFT_UPCOMING_FEATURE_MEMBER_IMPORT_VISIBILITY = YES;
				SWIFT_VERSION = 5.0;
				TARGETED_DEVICE_FAMILY = "1,2";
				TEST_TARGET_NAME = SwiftSpeak;
			};
			name = Release;
		};
/* End XCBuildConfiguration section */

/* Begin XCConfigurationList section */
		83ED79102EFE4CB900880604 /* Build configuration list for PBXProject "SwiftSpeak" */ = {
			isa = XCConfigurationList;
			buildConfigurations = (
				83ED791E2EFE4CBD00880604 /* Debug */,
				83ED791F2EFE4CBD00880604 /* Release */,
			);
			defaultConfigurationIsVisible = 0;
			defaultConfigurationName = Release;
		};
		83ED79202EFE4CBD00880604 /* Build configuration list for PBXNativeTarget "SwiftSpeak" */ = {
			isa = XCConfigurationList;
			buildConfigurations = (
				83ED79212EFE4CBD00880604 /* Debug */,
				83ED79222EFE4CBD00880604 /* Release */,
			);
			defaultConfigurationIsVisible = 0;
			defaultConfigurationName = Release;
		};
		83ED79302EFE4D8F00880604 /* Build configuration list for PBXNativeTarget "SwiftSpeakKeyboard" */ = {
			isa = XCConfigurationList;
			buildConfigurations = (
				83ED79312EFE4D8F00880604 /* Debug */,
				83ED79322EFE4D8F00880604 /* Release */,
			);
			defaultConfigurationIsVisible = 0;
			defaultConfigurationName = Release;
		};
		83ED7A192EFECCE900880604 /* Build configuration list for PBXNativeTarget "SwiftSpeakTests" */ = {
			isa = XCConfigurationList;
			buildConfigurations = (
				83ED7A172EFECCE900880604 /* Debug */,
				83ED7A182EFECCE900880604 /* Release */,
			);
			defaultConfigurationIsVisible = 0;
			defaultConfigurationName = Release;
		};
		83ED7A262EFECD0E00880604 /* Build configuration list for PBXNativeTarget "SwiftSpeakUITests" */ = {
			isa = XCConfigurationList;
			buildConfigurations = (
				83ED7A272EFECD0E00880604 /* Debug */,
				83ED7A282EFECD0E00880604 /* Release */,
			);
			defaultConfigurationIsVisible = 0;
			defaultConfigurationName = Release;
		};
/* End XCConfigurationList section */

/* Begin XCLocalSwiftPackageReference section */
		83E1171F2F012F3B009B3FD9 /* XCLocalSwiftPackageReference "../RevenueCat" */ = {
			isa = XCLocalSwiftPackageReference;
			relativePath = ../RevenueCat;
		};
		83E1172C2F013425009B3FD9 /* XCLocalSwiftPackageReference "../WhisperKit-Package" */ = {
			isa = XCLocalSwiftPackageReference;
			relativePath = "../WhisperKit-Package";
		};
/* End XCLocalSwiftPackageReference section */

/* Begin XCRemoteSwiftPackageReference section */
		83E118BA2F018978009B3FD9 /* XCRemoteSwiftPackageReference "firebase-ios-sdk" */ = {
			isa = XCRemoteSwiftPackageReference;
			repositoryURL = "https://github.com/firebase/firebase-ios-sdk";
			requirement = {
				kind = upToNextMajorVersion;
				minimumVersion = 12.7.0;
			};
		};
/* End XCRemoteSwiftPackageReference section */

/* Begin XCSwiftPackageProductDependency section */
		83E117202F012F3B009B3FD9 /* RevenueCat */ = {
			isa = XCSwiftPackageProductDependency;
			productName = RevenueCat;
		};
		83E1172D2F013425009B3FD9 /* WhisperKit */ = {
			isa = XCSwiftPackageProductDependency;
			productName = WhisperKit;
		};
		83E118BB2F018978009B3FD9 /* FirebaseRemoteConfig */ = {
			isa = XCSwiftPackageProductDependency;
			package = 83E118BA2F018978009B3FD9 /* XCRemoteSwiftPackageReference "firebase-ios-sdk" */;
			productName = FirebaseRemoteConfig;
		};
/* End XCSwiftPackageProductDependency section */
	};
	rootObject = 83ED790D2EFE4CB900880604 /* Project object */;
}
